// !$*UTF8*$!
{
	archiveVersion = 1;
	classes = {
	};
	objectVersion = 50;
	objects = {

/* Begin PBXFileReference section */
		C97A0F9A213594F80073EF59 /* msappy00.github.io */ = {isa = PBXFileReference; lastKnownFileType = folder; name = msappy00.github.io; path = ..; sourceTree = "<group>"; };
/* End PBXFileReference section */

/* Begin PBXGroup section */
		C97A0F93213594B30073EF59 = {
			isa = PBXGroup;
			children = (
				C97A0F9A213594F80073EF59 /* msappy00.github.io */,
			);
			sourceTree = "<group>";
		};
/* End PBXGroup section */

/* Begin PBXProject section */
		C97A0F94213594B30073EF59 /* Project object */ = {
			isa = PBXProject;
			attributes = {
				LastUpgradeCheck = 0940;
			};
			buildConfigurationList = C97A0F97213594B30073EF59 /* Build configuration list for PBXProject "Teacher_Matthew" */;
			compatibilityVersion = "Xcode 9.3";
			developmentRegion = en;
			hasScannedForEncodings = 0;
			knownRegions = (
				en,
			);
			mainGroup = C97A0F93213594B30073EF59;
			projectDirPath = "";
			projectRoot = "";
			targets = (
			);
		};
/* End PBXProject section */

/* Begin XCBuildConfiguration section */
		C97A0F98213594B30073EF59 /* Debug */ = {
			isa = XCBuildConfiguration;
			buildSettings = {
			};
			name = Debug;
		};
		C97A0F99213594B30073EF59 /* Release */ = {
			isa = XCBuildConfiguration;
			buildSettings = {
			};
			name = Release;
		};
/* End XCBuildConfiguration section */

/* Begin XCConfigurationList section */
		C97A0F97213594B30073EF59 /* Build configuration list for PBXProject "Teacher_Matthew" */ = {
			isa = XCConfigurationList;
			buildConfigurations = (
				C97A0F98213594B30073EF59 /* Debug */,
				C97A0F99213594B30073EF59 /* Release */,
			);
			defaultConfigurationIsVisible = 0;
			defaultConfigurationName = Release;
		};
/* End XCConfigurationList section */
	};
	rootObject = C97A0F94213594B30073EF59 /* Project object */;
}
