// !$*UTF8*$!
{
	archiveVersion = 1;
	classes = {
	};
	objectVersion = 50;
	objects = {

/* Begin PBXFileReference section */
		C9D9FE40221139EC00A461EB /* Level 1 */ = {isa = PBXFileReference; lastKnownFileType = folder; name = "Level 1"; path = "../Level 1"; sourceTree = "<group>"; };
		C9D9FE41221139EC00A461EB /* Starter */ = {isa = PBXFileReference; lastKnownFileType = folder; name = Starter; path = ../Starter; sourceTree = "<group>"; };
		C9D9FE42221139EC00A461EB /* favicon.ico */ = {isa = PBXFileReference; lastKnownFileType = image.ico; name = favicon.ico; path = ../favicon.ico; sourceTree = "<group>"; };
		C9D9FE43221139EC00A461EB /* player */ = {isa = PBXFileReference; lastKnownFileType = folder; name = player; path = ../player; sourceTree = "<group>"; };
		C9D9FE44221139ED00A461EB /* spotIt.html */ = {isa = PBXFileReference; lastKnownFileType = text.html; name = spotIt.html; path = ../spotIt.html; sourceTree = "<group>"; };
		C9D9FE45221139ED00A461EB /* alphabet */ = {isa = PBXFileReference; lastKnownFileType = folder; name = alphabet; path = ../alphabet; sourceTree = "<group>"; };
		C9D9FE46221139ED00A461EB /* keystroke.html */ = {isa = PBXFileReference; lastKnownFileType = text.html; name = keystroke.html; path = ../keystroke.html; sourceTree = "<group>"; };
		C9D9FE47221139ED00A461EB /* Level 12 */ = {isa = PBXFileReference; lastKnownFileType = folder; name = "Level 12"; path = "../Level 12"; sourceTree = "<group>"; };
		C9D9FE48221139ED00A461EB /* matchingGame.html */ = {isa = PBXFileReference; lastKnownFileType = text.html; name = matchingGame.html; path = ../matchingGame.html; sourceTree = "<group>"; };
		C9D9FE49221139ED00A461EB /* video.html */ = {isa = PBXFileReference; lastKnownFileType = text.html; name = video.html; path = ../video.html; sourceTree = "<group>"; };
		C9D9FE4A221139ED00A461EB /* images */ = {isa = PBXFileReference; lastKnownFileType = folder; name = images; path = ../images; sourceTree = "<group>"; };
		C9D9FE4B221139ED00A461EB /* blocked.html */ = {isa = PBXFileReference; lastKnownFileType = text.html; name = blocked.html; path = ../blocked.html; sourceTree = "<group>"; };
		C9D9FE4C221139ED00A461EB /* Level 10 */ = {isa = PBXFileReference; lastKnownFileType = folder; name = "Level 10"; path = "../Level 10"; sourceTree = "<group>"; };
		C9D9FE4D221139ED00A461EB /* phonics */ = {isa = PBXFileReference; lastKnownFileType = folder; name = phonics; path = ../phonics; sourceTree = "<group>"; };
		C9D9FE4E221139EE00A461EB /* Level 2 */ = {isa = PBXFileReference; lastKnownFileType = folder; name = "Level 2"; path = "../Level 2"; sourceTree = "<group>"; };
		C9D9FE4F221139EE00A461EB /* blurry.html */ = {isa = PBXFileReference; lastKnownFileType = text.html; name = blurry.html; path = ../blurry.html; sourceTree = "<group>"; };
		C9D9FE50221139EE00A461EB /* Level 8 */ = {isa = PBXFileReference; lastKnownFileType = folder; name = "Level 8"; path = "../Level 8"; sourceTree = "<group>"; };
		C9D9FE51221139EE00A461EB /* Level 5 */ = {isa = PBXFileReference; lastKnownFileType = folder; name = "Level 5"; path = "../Level 5"; sourceTree = "<group>"; };
		C9D9FE52221139EE00A461EB /* audio */ = {isa = PBXFileReference; lastKnownFileType = folder; name = audio; path = ../audio; sourceTree = "<group>"; };
		C9D9FE53221139EE00A461EB /* config.rb */ = {isa = PBXFileReference; lastKnownFileType = text.script.ruby; name = config.rb; path = ../config.rb; sourceTree = "<group>"; };
		C9D9FE54221139EF00A461EB /* Level 11 */ = {isa = PBXFileReference; lastKnownFileType = folder; name = "Level 11"; path = "../Level 11"; sourceTree = "<group>"; };
		C9D9FE55221139EF00A461EB /* scss */ = {isa = PBXFileReference; lastKnownFileType = folder; name = scss; path = ../scss; sourceTree = "<group>"; };
		C9D9FE56221139EF00A461EB /* dice.html */ = {isa = PBXFileReference; lastKnownFileType = text.html; name = dice.html; path = ../dice.html; sourceTree = "<group>"; };
		C9D9FE57221139EF00A461EB /* speedReader.html */ = {isa = PBXFileReference; lastKnownFileType = text.html; name = speedReader.html; path = ../speedReader.html; sourceTree = "<group>"; };
		C9D9FE58221139EF00A461EB /* Level 3 */ = {isa = PBXFileReference; lastKnownFileType = folder; name = "Level 3"; path = "../Level 3"; sourceTree = "<group>"; };
		C9D9FE59221139F000A461EB /* index.html */ = {isa = PBXFileReference; lastKnownFileType = text.html; name = index.html; path = ../index.html; sourceTree = "<group>"; };
		C9D9FE5A221139F000A461EB /* css */ = {isa = PBXFileReference; lastKnownFileType = folder; name = css; path = ../css; sourceTree = "<group>"; };
		C9D9FE5B221139F000A461EB /* Level 6 */ = {isa = PBXFileReference; lastKnownFileType = folder; name = "Level 6"; path = "../Level 6"; sourceTree = "<group>"; };
		C9D9FE5C221139F000A461EB /* index.jade */ = {isa = PBXFileReference; lastKnownFileType = text; name = index.jade; path = ../index.jade; sourceTree = "<group>"; };
		C9D9FE5D221139F000A461EB /* js */ = {isa = PBXFileReference; lastKnownFileType = folder; name = js; path = ../js; sourceTree = "<group>"; };
		C9D9FE5E221139F100A461EB /* move.html */ = {isa = PBXFileReference; lastKnownFileType = text.html; name = move.html; path = ../move.html; sourceTree = "<group>"; };
		C9D9FE5F221139F100A461EB /* README.md */ = {isa = PBXFileReference; lastKnownFileType = net.daringfireball.markdown; name = README.md; path = ../README.md; sourceTree = "<group>"; };
		C9D9FE61221139F100A461EB /* Level 4 */ = {isa = PBXFileReference; lastKnownFileType = folder; name = "Level 4"; path = "../Level 4"; sourceTree = "<group>"; };
		C9D9FE62221139F100A461EB /* vocab_review.py */ = {isa = PBXFileReference; lastKnownFileType = text.script.python; name = vocab_review.py; path = ../vocab_review.py; sourceTree = "<group>"; };
		C9D9FE63221139F100A461EB /* fonts */ = {isa = PBXFileReference; lastKnownFileType = folder; name = fonts; path = ../fonts; sourceTree = "<group>"; };
		C9D9FE64221139F200A461EB /* privacy.html */ = {isa = PBXFileReference; lastKnownFileType = text.html; name = privacy.html; path = ../privacy.html; sourceTree = "<group>"; };
		C9D9FE65221139F200A461EB /* Level 9 */ = {isa = PBXFileReference; lastKnownFileType = folder; name = "Level 9"; path = "../Level 9"; sourceTree = "<group>"; };
		C9D9FE66221139F200A461EB /* melon_drop.html */ = {isa = PBXFileReference; lastKnownFileType = text.html; name = melon_drop.html; path = ../melon_drop.html; sourceTree = "<group>"; };
		C9D9FE67221139F200A461EB /* Level 7 */ = {isa = PBXFileReference; lastKnownFileType = folder; name = "Level 7"; path = "../Level 7"; sourceTree = "<group>"; };
		C9D9FE68221139F200A461EB /* BullsAndCows.html */ = {isa = PBXFileReference; lastKnownFileType = text.html; name = BullsAndCows.html; path = ../BullsAndCows.html; sourceTree = "<group>"; };
		C9D9FE69221139F300A461EB /* video */ = {isa = PBXFileReference; lastKnownFileType = folder; name = video; path = ../video; sourceTree = "<group>"; };
		C9D9FE6A221139F300A461EB /* bat_dodge.html */ = {isa = PBXFileReference; lastKnownFileType = text.html; name = bat_dodge.html; path = ../bat_dodge.html; sourceTree = "<group>"; };
		C9D9FE6B221139F300A461EB /* craps.html */ = {isa = PBXFileReference; lastKnownFileType = text.html; name = craps.html; path = ../craps.html; sourceTree = "<group>"; };
		C9D9FE6C221139F300A461EB /* mes-flashcards */ = {isa = PBXFileReference; lastKnownFileType = folder; name = "mes-flashcards"; path = "../mes-flashcards"; sourceTree = "<group>"; };
		C9D9FE6D221139F300A461EB /* player_streaming */ = {isa = PBXFileReference; lastKnownFileType = folder; name = player_streaming; path = ../player_streaming; sourceTree = "<group>"; };
		C9D9FE6E221139F300A461EB /* tennis_ball.html */ = {isa = PBXFileReference; lastKnownFileType = text.html; name = tennis_ball.html; path = ../tennis_ball.html; sourceTree = "<group>"; };
/* End PBXFileReference section */

/* Begin PBXGroup section */
		C97A0F93213594B30073EF59 = {
			isa = PBXGroup;
			children = (
				C9D9FE45221139ED00A461EB /* alphabet */,
				C9D9FE52221139EE00A461EB /* audio */,
				C9D9FE6A221139F300A461EB /* bat_dodge.html */,
				C9D9FE4B221139ED00A461EB /* blocked.html */,
				C9D9FE4F221139EE00A461EB /* blurry.html */,
				C9D9FE68221139F200A461EB /* BullsAndCows.html */,
				C9D9FE53221139EE00A461EB /* config.rb */,
				C9D9FE6B221139F300A461EB /* craps.html */,
				C9D9FE5A221139F000A461EB /* css */,
				C9D9FE56221139EF00A461EB /* dice.html */,
				C9D9FE42221139EC00A461EB /* favicon.ico */,
				C9D9FE63221139F100A461EB /* fonts */,
				C9D9FE4A221139ED00A461EB /* images */,
				C9D9FE59221139F000A461EB /* index.html */,
				C9D9FE5C221139F000A461EB /* index.jade */,
				C9D9FE5D221139F000A461EB /* js */,
				C9D9FE46221139ED00A461EB /* keystroke.html */,
				C9D9FE40221139EC00A461EB /* Level 1 */,
				C9D9FE4E221139EE00A461EB /* Level 2 */,
				C9D9FE58221139EF00A461EB /* Level 3 */,
				C9D9FE61221139F100A461EB /* Level 4 */,
				C9D9FE51221139EE00A461EB /* Level 5 */,
				C9D9FE5B221139F000A461EB /* Level 6 */,
				C9D9FE67221139F200A461EB /* Level 7 */,
				C9D9FE50221139EE00A461EB /* Level 8 */,
				C9D9FE65221139F200A461EB /* Level 9 */,
				C9D9FE4C221139ED00A461EB /* Level 10 */,
				C9D9FE54221139EF00A461EB /* Level 11 */,
				C9D9FE47221139ED00A461EB /* Level 12 */,
				C9D9FE48221139ED00A461EB /* matchingGame.html */,
				C9D9FE66221139F200A461EB /* melon_drop.html */,
				C9D9FE6C221139F300A461EB /* mes-flashcards */,
				C9D9FE5E221139F100A461EB /* move.html */,
				C9D9FE4D221139ED00A461EB /* phonics */,
				C9D9FE43221139EC00A461EB /* player */,
				C9D9FE6D221139F300A461EB /* player_streaming */,
				C9D9FE64221139F200A461EB /* privacy.html */,
				C9D9FE5F221139F100A461EB /* README.md */,
				C9D9FE55221139EF00A461EB /* scss */,
				C9D9FE57221139EF00A461EB /* speedReader.html */,
				C9D9FE44221139ED00A461EB /* spotIt.html */,
				C9D9FE41221139EC00A461EB /* Starter */,
				C9D9FE6E221139F300A461EB /* tennis_ball.html */,
				C9D9FE69221139F300A461EB /* video */,
				C9D9FE49221139ED00A461EB /* video.html */,
				C9D9FE62221139F100A461EB /* vocab_review.py */,
			);
			sourceTree = "<group>";
		};
/* End PBXGroup section */

/* Begin PBXProject section */
		C97A0F94213594B30073EF59 /* Project object */ = {
			isa = PBXProject;
			attributes = {
				LastUpgradeCheck = 1000;
			};
			buildConfigurationList = C97A0F97213594B30073EF59 /* Build configuration list for PBXProject "Teacher_Matthew" */;
			compatibilityVersion = "Xcode 9.3";
			developmentRegion = en;
			hasScannedForEncodings = 0;
			knownRegions = (
				en,
			);
			mainGroup = C97A0F93213594B30073EF59;
			projectDirPath = "";
			projectRoot = "";
			targets = (
			);
		};
/* End PBXProject section */

/* Begin XCBuildConfiguration section */
		C97A0F98213594B30073EF59 /* Debug */ = {
			isa = XCBuildConfiguration;
			buildSettings = {
				CLANG_WARN_BLOCK_CAPTURE_AUTORELEASING = YES;
				CLANG_WARN_BOOL_CONVERSION = YES;
				CLANG_WARN_COMMA = YES;
				CLANG_WARN_CONSTANT_CONVERSION = YES;
				CLANG_WARN_DEPRECATED_OBJC_IMPLEMENTATIONS = YES;
				CLANG_WARN_EMPTY_BODY = YES;
				CLANG_WARN_ENUM_CONVERSION = YES;
				CLANG_WARN_INFINITE_RECURSION = YES;
				CLANG_WARN_INT_CONVERSION = YES;
				CLANG_WARN_NON_LITERAL_NULL_CONVERSION = YES;
				CLANG_WARN_OBJC_IMPLICIT_RETAIN_SELF = YES;
				CLANG_WARN_OBJC_LITERAL_CONVERSION = YES;
				CLANG_WARN_RANGE_LOOP_ANALYSIS = YES;
				CLANG_WARN_STRICT_PROTOTYPES = YES;
				CLANG_WARN_SUSPICIOUS_MOVE = YES;
				CLANG_WARN_UNREACHABLE_CODE = YES;
				CLANG_WARN__DUPLICATE_METHOD_MATCH = YES;
				ENABLE_STRICT_OBJC_MSGSEND = YES;
				ENABLE_TESTABILITY = YES;
				GCC_NO_COMMON_BLOCKS = YES;
				GCC_WARN_64_TO_32_BIT_CONVERSION = YES;
				GCC_WARN_ABOUT_RETURN_TYPE = YES;
				GCC_WARN_UNDECLARED_SELECTOR = YES;
				GCC_WARN_UNINITIALIZED_AUTOS = YES;
				GCC_WARN_UNUSED_FUNCTION = YES;
				GCC_WARN_UNUSED_VARIABLE = YES;
				ONLY_ACTIVE_ARCH = YES;
			};
			name = Debug;
		};
		C97A0F99213594B30073EF59 /* Release */ = {
			isa = XCBuildConfiguration;
			buildSettings = {
				CLANG_WARN_BLOCK_CAPTURE_AUTORELEASING = YES;
				CLANG_WARN_BOOL_CONVERSION = YES;
				CLANG_WARN_COMMA = YES;
				CLANG_WARN_CONSTANT_CONVERSION = YES;
				CLANG_WARN_DEPRECATED_OBJC_IMPLEMENTATIONS = YES;
				CLANG_WARN_EMPTY_BODY = YES;
				CLANG_WARN_ENUM_CONVERSION = YES;
				CLANG_WARN_INFINITE_RECURSION = YES;
				CLANG_WARN_INT_CONVERSION = YES;
				CLANG_WARN_NON_LITERAL_NULL_CONVERSION = YES;
				CLANG_WARN_OBJC_IMPLICIT_RETAIN_SELF = YES;
				CLANG_WARN_OBJC_LITERAL_CONVERSION = YES;
				CLANG_WARN_RANGE_LOOP_ANALYSIS = YES;
				CLANG_WARN_STRICT_PROTOTYPES = YES;
				CLANG_WARN_SUSPICIOUS_MOVE = YES;
				CLANG_WARN_UNREACHABLE_CODE = YES;
				CLANG_WARN__DUPLICATE_METHOD_MATCH = YES;
				ENABLE_STRICT_OBJC_MSGSEND = YES;
				GCC_NO_COMMON_BLOCKS = YES;
				GCC_WARN_64_TO_32_BIT_CONVERSION = YES;
				GCC_WARN_ABOUT_RETURN_TYPE = YES;
				GCC_WARN_UNDECLARED_SELECTOR = YES;
				GCC_WARN_UNINITIALIZED_AUTOS = YES;
				GCC_WARN_UNUSED_FUNCTION = YES;
				GCC_WARN_UNUSED_VARIABLE = YES;
			};
			name = Release;
		};
/* End XCBuildConfiguration section */

/* Begin XCConfigurationList section */
		C97A0F97213594B30073EF59 /* Build configuration list for PBXProject "Teacher_Matthew" */ = {
			isa = XCConfigurationList;
			buildConfigurations = (
				C97A0F98213594B30073EF59 /* Debug */,
				C97A0F99213594B30073EF59 /* Release */,
			);
			defaultConfigurationIsVisible = 0;
			defaultConfigurationName = Release;
		};
/* End XCConfigurationList section */
	};
	rootObject = C97A0F94213594B30073EF59 /* Project object */;
}
